
Microsoft Visual Studio Solution File, Format Version 12.00
# Visual Studio 15
VisualStudioVersion = 15.0.28307.1321
MinimumVisualStudioVersion = 10.0.40219.1
Project("{FAE04EC0-301F-11D3-BF4B-00C04F79EFBC}") = "Assembly-CSharp", "Assembly-CSharp.csproj", "{15328D7B-8302-093C-F303-09ECB9A83015}"
EndProject
Global
	GlobalSection(SolutionConfigurationPlatforms) = preSolution
		Debug|Any CPU = Debug|Any CPU
		Release|Any CPU = Release|Any CPU
	EndGlobalSection
	GlobalSection(ProjectConfigurationPlatforms) = postSolution
		{15328D7B-8302-093C-F303-09ECB9A83015}.Debug|Any CPU.ActiveCfg = Debug|Any CPU
		{15328D7B-8302-093C-F303-09ECB9A83015}.Debug|Any CPU.Build.0 = Debug|Any CPU
		{15328D7B-8302-093C-F303-09ECB9A83015}.Release|Any CPU.ActiveCfg = Release|Any CPU
		{15328D7B-8302-093C-F303-09ECB9A83015}.Release|Any CPU.Build.0 = Release|Any CPU
	EndGlobalSection
	GlobalSection(SolutionProperties) = preSolution
		HideSolutionNode = FALSE
	EndGlobalSection
	GlobalSection(ExtensibilityGlobals) = postSolution
		SolutionGuid = {E000923D-EFF8-4304-878C-FACC707EE94E}
	EndGlobalSection
EndGlobal
